
Microsoft Visual Studio Solution File, Format Version 12.00
# Visual Studio Version 16
VisualStudioVersion = 16.0.29424.173
MinimumVisualStudioVersion = 10.0.40219.1
Project("{9A19103F-16F7-4668-BE54-9A1E7A4F7556}") = "DailyShopStoreReport", "DailyShopStoreReport.csproj", "{288E38C4-0413-4E22-988C-794AC7F313F9}"
EndProject
Global
	GlobalSection(SolutionConfigurationPlatforms) = preSolution
		Debug|Any CPU = Debug|Any CPU
		Release|Any CPU = Release|Any CPU
	EndGlobalSection
	GlobalSection(ProjectConfigurationPlatforms) = postSolution
		{288E38C4-0413-4E22-988C-794AC7F313F9}.Debug|Any CPU.ActiveCfg = Debug|Any CPU
		{288E38C4-0413-4E22-988C-794AC7F313F9}.Debug|Any CPU.Build.0 = Debug|Any CPU
		{288E38C4-0413-4E22-988C-794AC7F313F9}.Release|Any CPU.ActiveCfg = Release|Any CPU
		{288E38C4-0413-4E22-988C-794AC7F313F9}.Release|Any CPU.Build.0 = Release|Any CPU
	EndGlobalSection
	GlobalSection(SolutionProperties) = preSolution
		HideSolutionNode = FALSE
	EndGlobalSection
	GlobalSection(ExtensibilityGlobals) = postSolution
		SolutionGuid = {45862E83-1D10-407F-93A5-A8D83342CB66}
	EndGlobalSection
EndGlobal
